{
  "nodes": {
    "disko": {
      "inputs": {
        "nixpkgs": [
          "nixpkgs"
        ]
      },
      "locked": {
        "lastModified": 1789770686,
        "narHash": "sha256-uZkBR7yHdIKUFB5SZdfgh1qkGfI3XmYmI/lTiquxbck=",
        "owner": "nix-community",
        "repo": "disko",
        "rev": "725ea35e410ad83be4931d1bff7e090eacaf3563",
        "type": "github"
      },
      "original": {
        "owner": "nix-community",
        "repo": "disko",
        "type": "github"
      }
    },
    "flake-parts": {
      "inputs": {
        "nixpkgs-lib": [
          "hermes-agent",
          "nixpkgs"
        ]
      },
      "locked": {
        "lastModified": 1782949081,
        "narHash": "sha256-vp6Y/Grm98ESt6ceOkWiHWyZRDV3J1RID4w+6NWK9yA=",
        "owner": "hercules-ci",
        "repo": "flake-parts",
        "rev": "17c9d6cdfc60c64f4ee8d306f9bc0b4ccb51481e",
        "type": "github"
      },
      "original": {
        "owner": "hercules-ci",
        "repo": "flake-parts",
        "type": "github"
      }
    },
    "hermes-agent": {
      "inputs": {
        "flake-parts": "flake-parts",
        "home-manager": "home-manager",
        "nixpkgs": [
          "nixpkgs-unstable"
        ],
        "npm-lockfile-fix": "npm-lockfile-fix",
        "pyproject-build-systems": "pyproject-build-systems",
        "pyproject-nix": "pyproject-nix",
        "uv2nix": "uv2nix"
      },
      "locked": {
        "lastModified": 1791276776,
        "narHash": "sha256-ZVXwqXVFuloO4T9x0VHZGCT9GLPy6XaBTFNoIKttw8I=",
        "owner": "nousresearch",
        "repo": "hermes-agent",
        "rev": "74306c1d1b080837744faca3e371267dd09dda4b",
        "type": "github"
      },
      "original": {
        "owner": "nousresearch",
        "repo": "hermes-agent",
        "type": "github"
      }
    },
    "home-manager": {
      "inputs": {
        "nixpkgs": [
          "hermes-agent",
          "nixpkgs"
        ]
      },
      "locked": {
        "lastModified": 1786487128,
        "narHash": "sha256-ad60hrRVhH/bo3Jl1YLzO+QcS3mUNZr9LNJdzhMO2P4=",
        "owner": "nix-community",
        "repo": "home-manager",
        "rev": "f404edbfa4117810c96b97048299242fc50e5362",
        "type": "github"
      },
      "original": {
        "owner": "nix-community",
        "repo": "home-manager",
        "type": "github"
      }
    },
    "home-manager_2": {
      "inputs": {
        "nixpkgs": [
          "nixpkgs"
        ]
      },
      "locked": {
        "lastModified": 1790996401,
        "narHash": "sha256-f+kOxEmOUnQazVAmGg0i8hzwgd1kX/geY+k/Dpheye8=",
        "owner": "nix-community",
        "repo": "home-manager",
        "rev": "db7d5e2332710f5abb088f6b5de927d7f9511b35",
        "type": "github"
      },
      "original": {
        "owner": "nix-community",
        "ref": "release-26.05",
        "repo": "home-manager",
        "type": "github"
      }
    },
    "nix-index-database": {
      "inputs": {
        "nixpkgs": [
          "nixpkgs"
        ]
      },
      "locked": {
        "lastModified": 1791105314,
        "narHash": "sha256-oTM7QFgRQ+vxBpMBMc7hEYpqBtpXAzXu2xuB/tru84U=",
        "owner": "Mic92",
        "repo": "nix-index-database",
        "rev": "e740bc4e9d8918d7819a51486d5099930c65c72e",
        "type": "github"
      },
      "original": {
        "owner": "Mic92",
        "repo": "nix-index-database",
        "type": "github"
      }
    },
    "nixpkgs": {
      "locked": {
        "lastModified": 1791254437,
        "narHash": "sha256-qMSsgG+9tIdx282dMqGuJAUK3t6F36clM6efd0rXfes=",
        "owner": "nixos",
        "repo": "nixpkgs",
        "rev": "b25309931cfda5f0b8805f462a29897eeae50168",
        "type": "github"
      },
      "original": {
        "owner": "nixos",
        "ref": "nixos-26.05",
        "repo": "nixpkgs",
        "type": "github"
      }
    },
    "nixpkgs-unstable": {
      "locked": {
        "lastModified": 1791179034,
        "narHash": "sha256-Ni0LBydzaCi8oek12r4mVreuFHqYlM1eTD6SfiENKfw=",
        "owner": "nixos",
        "repo": "nixpkgs",
        "rev": "494ce7fd23ff6a5dff39e1fb11e9b6f2ac74bf25",
        "type": "github"
      },
      "original": {
        "owner": "nixos",
        "ref": "nixos-unstable",
        "repo": "nixpkgs",
        "type": "github"
      }
    },
    "npm-lockfile-fix": {
      "inputs": {
        "nixpkgs": [
          "hermes-agent",
          "nixpkgs"
        ]
      },
      "locked": {
        "lastModified": 1775903712,
        "narHash": "sha256-2GV79U6iVH4gKAPWYrxUReB0S41ty/Y3dBLquU8AlaA=",
        "owner": "jeslie0",
        "repo": "npm-lockfile-fix",
        "rev": "c6093acb0c0548e0f9b8b3d82918823721930fe8",
        "type": "github"
      },
      "original": {
        "owner": "jeslie0",
        "repo": "npm-lockfile-fix",
        "type": "github"
      }
    },
    "pyproject-build-systems": {
      "inputs": {
        "nixpkgs": [
          "hermes-agent",
          "nixpkgs"
        ],
        "pyproject-nix": [
          "hermes-agent",
          "pyproject-nix"
        ],
        "uv2nix": [
          "hermes-agent",
          "uv2nix"
        ]
      },
      "locked": {
        "lastModified": 1785115949,
        "narHash": "sha256-8AM37BfyGaL2v/SZyg4PupRxJ01Y4htvM+WrTjWrPpo=",
        "owner": "pyproject-nix",
        "repo": "build-system-pkgs",
        "rev": "62c0d86027edb1c4f39a5facc09876348144f7c9",
        "type": "github"
      },
      "original": {
        "owner": "pyproject-nix",
        "repo": "build-system-pkgs",
        "type": "github"
      }
    },
    "pyproject-nix": {
      "inputs": {
        "nixpkgs": [
          "hermes-agent",
          "nixpkgs"
        ]
      },
      "locked": {
        "lastModified": 1784591072,
        "narHash": "sha256-zP/WaDxrRu8GANZM61+V2LT/7ycEEdoyLWn7M6WzU7M=",
        "owner": "pyproject-nix",
        "repo": "pyproject.nix",
        "rev": "e3b599ca2e7fcf93d4edf65d7f19bbf6491724f3",
        "type": "github"
      },
      "original": {
        "owner": "pyproject-nix",
        "repo": "pyproject.nix",
        "type": "github"
      }
    },
    "root": {
      "inputs": {
        "disko": "disko",
        "hermes-agent": "hermes-agent",
        "home-manager": "home-manager_2",
        "nix-index-database": "nix-index-database",
        "nixpkgs": "nixpkgs",
        "nixpkgs-unstable": "nixpkgs-unstable",
        "sops-nix": "sops-nix",
        "tmux-nerd-font-window-name": "tmux-nerd-font-window-name"
      }
    },
    "sops-nix": {
      "inputs": {
        "nixpkgs": [
          "nixpkgs"
        ]
      },
      "locked": {
        "lastModified": 1791103873,
        "narHash": "sha256-nFxM+pKoZ8LJAEnUXARyCaOAloWgaW9kZQOSjWzKcTE=",
        "owner": "Mic92",
        "repo": "sops-nix",
        "rev": "dcd241ba97088c22569d1573286e1b9daad340c0",
        "type": "github"
      },
      "original": {
        "owner": "Mic92",
        "repo": "sops-nix",
        "type": "github"
      }
    },
    "tmux-nerd-font-window-name": {
      "inputs": {
        "nixpkgs": [
          "nixpkgs"
        ]
      },
      "locked": {
        "lastModified": 1790006388,
        "narHash": "sha256-9bLwV3Z3RYFqqlwy6WpKbyYs52bw4IFtmynkp7Hmzlo=",
        "owner": "joshmedeski",
        "repo": "tmux-nerd-font-window-name",
        "rev": "c4a8baf3dc35707aa568eb2a69e270fc16728b71",
        "type": "github"
      },
      "original": {
        "owner": "joshmedeski",
        "repo": "tmux-nerd-font-window-name",
        "type": "github"
      }
    },
    "uv2nix": {
      "inputs": {
        "nixpkgs": [
          "hermes-agent",
          "nixpkgs"
        ],
        "pyproject-nix": [
          "hermes-agent",
          "pyproject-nix"
        ]
      },
      "locked": {
        "lastModified": 1785277507,
        "narHash": "sha256-9Tq3UDX2hD/aveW/HvkBlAmEwJTOlY5HQXJM+L5BGmE=",
        "owner": "pyproject-nix",
        "repo": "uv2nix",
        "rev": "5a836d395cbf5fc22670eb98dd4aa4fc4d406977",
        "type": "github"
      },
      "original": {
        "owner": "pyproject-nix",
        "repo": "uv2nix",
        "type": "github"
      }
    }
  },
  "root": "root",
  "version": 7
}
