{
  "nodes": {
    "disko": {
      "inputs": {
        "nixpkgs": [
          "nixpkgs"
        ]
      },
      "locked": {
        "lastModified": 1748832438,
        "narHash": "sha256-/CtyLVfNaFP7PrOPrTEuGOJBIhcBKVQ91KiEbtXJi0A=",
        "owner": "nix-community",
        "repo": "disko",
        "rev": "58d6e5a83fff9982d57e0a0a994d4e5c0af441e4",
        "type": "github"
      },
      "original": {
        "owner": "nix-community",
        "repo": "disko",
        "type": "github"
      }
    },
    "home-manager": {
      "inputs": {
        "nixpkgs": [
          "nixpkgs"
        ]
      },
      "locked": {
        "lastModified": 1748665073,
        "narHash": "sha256-RMhjnPKWtCoIIHiuR9QKD7xfsKb3agxzMfJY8V9MOew=",
        "owner": "nix-community",
        "repo": "home-manager",
        "rev": "282e1e029cb6ab4811114fc85110613d72771dea",
        "type": "github"
      },
      "original": {
        "owner": "nix-community",
        "ref": "release-25.05",
        "repo": "home-manager",
        "type": "github"
      }
    },
    "nix-index-database": {
      "inputs": {
        "nixpkgs": [
          "nixpkgs"
        ]
      },
      "locked": {
        "lastModified": 1748751003,
        "narHash": "sha256-i4GZdKAK97S0ZMU3w4fqgEJr0cVywzqjugt2qZPrScs=",
        "owner": "Mic92",
        "repo": "nix-index-database",
        "rev": "2860bee699248d828c2ed9097a1cd82c2f991b43",
        "type": "github"
      },
      "original": {
        "owner": "Mic92",
        "repo": "nix-index-database",
        "type": "github"
      }
    },
    "nixpkgs": {
      "locked": {
        "lastModified": 1748889542,
        "narHash": "sha256-Hb4iMhIbjX45GcrgOp3b8xnyli+ysRPqAgZ/LZgyT5k=",
        "owner": "nixos",
        "repo": "nixpkgs",
        "rev": "10d7f8d34e5eb9c0f9a0485186c1ca691d2c5922",
        "type": "github"
      },
      "original": {
        "owner": "nixos",
        "ref": "nixos-25.05",
        "repo": "nixpkgs",
        "type": "github"
      }
    },
    "root": {
      "inputs": {
        "disko": "disko",
        "home-manager": "home-manager",
        "nix-index-database": "nix-index-database",
        "nixpkgs": "nixpkgs",
        "sops-nix": "sops-nix"
      }
    },
    "sops-nix": {
      "inputs": {
        "nixpkgs": [
          "nixpkgs"
        ]
      },
      "locked": {
        "lastModified": 1747603214,
        "narHash": "sha256-lAblXm0VwifYCJ/ILPXJwlz0qNY07DDYdLD+9H+Wc8o=",
        "owner": "Mic92",
        "repo": "sops-nix",
        "rev": "8d215e1c981be3aa37e47aeabd4e61bb069548fd",
        "type": "github"
      },
      "original": {
        "owner": "Mic92",
        "repo": "sops-nix",
        "type": "github"
      }
    }
  },
  "root": "root",
  "version": 7
}
