{
  "nodes": {
    "disko": {
      "inputs": {
        "nixpkgs": [
          "nixpkgs"
        ]
      },
      "locked": {
        "lastModified": 1729942962,
        "narHash": "sha256-xzt7tb4YUw6VZXSCGw4sukirJSfYsIcFyvmhK5KMiKw=",
        "owner": "nix-community",
        "repo": "disko",
        "rev": "58cd832497f9c87cb4889744b86aba4284fd0474",
        "type": "github"
      },
      "original": {
        "owner": "nix-community",
        "repo": "disko",
        "type": "github"
      }
    },
    "home-manager": {
      "inputs": {
        "nixpkgs": [
          "nixpkgs"
        ]
      },
      "locked": {
        "lastModified": 1726989464,
        "narHash": "sha256-Vl+WVTJwutXkimwGprnEtXc/s/s8sMuXzqXaspIGlwM=",
        "owner": "nix-community",
        "repo": "home-manager",
        "rev": "2f23fa308a7c067e52dfcc30a0758f47043ec176",
        "type": "github"
      },
      "original": {
        "owner": "nix-community",
        "ref": "release-24.05",
        "repo": "home-manager",
        "type": "github"
      }
    },
    "nix-index-database": {
      "inputs": {
        "nixpkgs": [
          "nixpkgs"
        ]
      },
      "locked": {
        "lastModified": 1729999765,
        "narHash": "sha256-LYsavZXitFjjyETZoij8usXjTa7fa9AIF3Sk3MJSX+Y=",
        "owner": "Mic92",
        "repo": "nix-index-database",
        "rev": "0e3a8778c2ee218eff8de6aacf3d2fa6c33b2d4f",
        "type": "github"
      },
      "original": {
        "owner": "Mic92",
        "repo": "nix-index-database",
        "type": "github"
      }
    },
    "nixpkgs": {
      "locked": {
        "lastModified": 1729691686,
        "narHash": "sha256-BAuPWW+9fa1moZTU+jFh+1cUtmsuF8asgzFwejM4wac=",
        "owner": "nixos",
        "repo": "nixpkgs",
        "rev": "32e940c7c420600ef0d1ef396dc63b04ee9cad37",
        "type": "github"
      },
      "original": {
        "owner": "nixos",
        "ref": "nixos-24.05",
        "repo": "nixpkgs",
        "type": "github"
      }
    },
    "nixpkgs-stable": {
      "locked": {
        "lastModified": 1729357638,
        "narHash": "sha256-66RHecx+zohbZwJVEPF7uuwHeqf8rykZTMCTqIrOew4=",
        "owner": "NixOS",
        "repo": "nixpkgs",
        "rev": "bb8c2cf7ea0dd2e18a52746b2c3a5b0c73b93c22",
        "type": "github"
      },
      "original": {
        "owner": "NixOS",
        "ref": "release-24.05",
        "repo": "nixpkgs",
        "type": "github"
      }
    },
    "root": {
      "inputs": {
        "disko": "disko",
        "home-manager": "home-manager",
        "nix-index-database": "nix-index-database",
        "nixpkgs": "nixpkgs",
        "sops-nix": "sops-nix"
      }
    },
    "sops-nix": {
      "inputs": {
        "nixpkgs": [
          "nixpkgs"
        ],
        "nixpkgs-stable": "nixpkgs-stable"
      },
      "locked": {
        "lastModified": 1729931925,
        "narHash": "sha256-3tjYImjVzsSM4sU+wTySF94Yop1spI/XomMBEpljKvQ=",
        "owner": "Mic92",
        "repo": "sops-nix",
        "rev": "b2211d1a537136cc1d0d5c0af391e8712016b34e",
        "type": "github"
      },
      "original": {
        "owner": "Mic92",
        "repo": "sops-nix",
        "type": "github"
      }
    }
  },
  "root": "root",
  "version": 7
}
